
Microsoft Visual Studio Solution File, Format Version 12.00
# Visual Studio Version 16
VisualStudioVersion = 16.0.30002.166
MinimumVisualStudioVersion = 10.0.40219.1
Project("{8BC9CEB8-8B4A-11D0-8D11-00A0C91BC942}") = "KURSACH", "KURSACH\KURSACH.vcxproj", "{50CB7724-24B8-42D0-9B1D-E9F6EAB8CC7E}"
EndProject
Global
	GlobalSection(SolutionConfigurationPlatforms) = preSolution
		Debug|x64 = Debug|x64
		Debug|x86 = Debug|x86
		Release|x64 = Release|x64
		Release|x86 = Release|x86
	EndGlobalSection
	GlobalSection(ProjectConfigurationPlatforms) = postSolution
		{50CB7724-24B8-42D0-9B1D-E9F6EAB8CC7E}.Debug|x64.ActiveCfg = Debug|x64
		{50CB7724-24B8-42D0-9B1D-E9F6EAB8CC7E}.Debug|x64.Build.0 = Debug|x64
		{50CB7724-24B8-42D0-9B1D-E9F6EAB8CC7E}.Debug|x86.ActiveCfg = Debug|Win32
		{50CB7724-24B8-42D0-9B1D-E9F6EAB8CC7E}.Debug|x86.Build.0 = Debug|Win32
		{50CB7724-24B8-42D0-9B1D-E9F6EAB8CC7E}.Release|x64.ActiveCfg = Release|x64
		{50CB7724-24B8-42D0-9B1D-E9F6EAB8CC7E}.Release|x64.Build.0 = Release|x64
		{50CB7724-24B8-42D0-9B1D-E9F6EAB8CC7E}.Release|x86.ActiveCfg = Release|Win32
		{50CB7724-24B8-42D0-9B1D-E9F6EAB8CC7E}.Release|x86.Build.0 = Release|Win32
	EndGlobalSection
	GlobalSection(SolutionProperties) = preSolution
		HideSolutionNode = FALSE
	EndGlobalSection
	GlobalSection(ExtensibilityGlobals) = postSolution
		SolutionGuid = {CA47484E-4777-4020-A1CE-77C86A89D7B7}
	EndGlobalSection
EndGlobal
